// !$*UTF8*$!
{
	archiveVersion = 1;
	classes = {
	};
	objectVersion = 48;
	objects = {

/* Begin PBXBuildFile section */
		00683ADBEF8B2116D6D65286 /* Pods_UIBindingObserver.framework in Frameworks */ = {isa = PBXBuildFile; fileRef = 31BF8FB6DE599FCEDE81340E /* Pods_UIBindingObserver.framework */; };
		6C6CDF8E1FB167FB000F5FBF /* AppDelegate.swift in Sources */ = {isa = PBXBuildFile; fileRef = 6C6CDF8D1FB167FB000F5FBF /* AppDelegate.swift */; };
		6C6CDF901FB167FB000F5FBF /* ViewController.swift in Sources */ = {isa = PBXBuildFile; fileRef = 6C6CDF8F1FB167FB000F5FBF /* ViewController.swift */; };
		6C6CDF931FB167FB000F5FBF /* Main.storyboard in Resources */ = {isa = PBXBuildFile; fileRef = 6C6CDF911FB167FB000F5FBF /* Main.storyboard */; };
		6C6CDF951FB167FB000F5FBF /* Assets.xcassets in Resources */ = {isa = PBXBuildFile; fileRef = 6C6CDF941FB167FB000F5FBF /* Assets.xcassets */; };
		6C6CDF981FB167FB000F5FBF /* LaunchScreen.storyboard in Resources */ = {isa = PBXBuildFile; fileRef = 6C6CDF961FB167FB000F5FBF /* LaunchScreen.storyboard */; };
/* End PBXBuildFile section */

/* Begin PBXFileReference section */
		31BF8FB6DE599FCEDE81340E /* Pods_UIBindingObserver.framework */ = {isa = PBXFileReference; explicitFileType = wrapper.framework; includeInIndex = 0; path = Pods_UIBindingObserver.framework; sourceTree = BUILT_PRODUCTS_DIR; };
		6C6CDF8A1FB167FB000F5FBF /* UIBindingObserver.app */ = {isa = PBXFileReference; explicitFileType = wrapper.application; includeInIndex = 0; path = UIBindingObserver.app; sourceTree = BUILT_PRODUCTS_DIR; };
		6C6CDF8D1FB167FB000F5FBF /* AppDelegate.swift */ = {isa = PBXFileReference; lastKnownFileType = sourcecode.swift; path = AppDelegate.swift; sourceTree = "<group>"; };
		6C6CDF8F1FB167FB000F5FBF /* ViewController.swift */ = {isa = PBXFileReference; lastKnownFileType = sourcecode.swift; path = ViewController.swift; sourceTree = "<group>"; };
		6C6CDF921FB167FB000F5FBF /* Base */ = {isa = PBXFileReference; lastKnownFileType = file.storyboard; name = Base; path = Base.lproj/Main.storyboard; sourceTree = "<group>"; };
		6C6CDF941FB167FB000F5FBF /* Assets.xcassets */ = {isa = PBXFileReference; lastKnownFileType = folder.assetcatalog; path = Assets.xcassets; sourceTree = "<group>"; };
		6C6CDF971FB167FB000F5FBF /* Base */ = {isa = PBXFileReference; lastKnownFileType = file.storyboard; name = Base; path = Base.lproj/LaunchScreen.storyboard; sourceTree = "<group>"; };
		6C6CDF991FB167FB000F5FBF /* Info.plist */ = {isa = PBXFileReference; lastKnownFileType = text.plist.xml; path = Info.plist; sourceTree = "<group>"; };
		A13D2BB012A65290D25F27E5 /* Pods-UIBindingObserver.release.xcconfig */ = {isa = PBXFileReference; includeInIndex = 1; lastKnownFileType = text.xcconfig; name = "Pods-UIBindingObserver.release.xcconfig"; path = "Pods/Target Support Files/Pods-UIBindingObserver/Pods-UIBindingObserver.release.xcconfig"; sourceTree = "<group>"; };
		A90EE57C5B0C2F9CFEB25EA9 /* Pods-UIBindingObserver.debug.xcconfig */ = {isa = PBXFileReference; includeInIndex = 1; lastKnownFileType = text.xcconfig; name = "Pods-UIBindingObserver.debug.xcconfig"; path = "Pods/Target Support Files/Pods-UIBindingObserver/Pods-UIBindingObserver.debug.xcconfig"; sourceTree = "<group>"; };
/* End PBXFileReference section */

/* Begin PBXFrameworksBuildPhase section */
		6C6CDF871FB167FB000F5FBF /* Frameworks */ = {
			isa = PBXFrameworksBuildPhase;
			buildActionMask = 2147483647;
			files = (
				00683ADBEF8B2116D6D65286 /* Pods_UIBindingObserver.framework in Frameworks */,
			);
			runOnlyForDeploymentPostprocessing = 0;
		};
/* End PBXFrameworksBuildPhase section */

/* Begin PBXGroup section */
		22B9DBE7E0E1D0D9501FADDA /* Frameworks */ = {
			isa = PBXGroup;
			children = (
				31BF8FB6DE599FCEDE81340E /* Pods_UIBindingObserver.framework */,
			);
			name = Frameworks;
			sourceTree = "<group>";
		};
		6C6CDF811FB167FB000F5FBF = {
			isa = PBXGroup;
			children = (
				6C6CDF8C1FB167FB000F5FBF /* UIBindingObserver */,
				6C6CDF8B1FB167FB000F5FBF /* Products */,
				E3B113249853BBB7DE151D92 /* Pods */,
				22B9DBE7E0E1D0D9501FADDA /* Frameworks */,
			);
			sourceTree = "<group>";
		};
		6C6CDF8B1FB167FB000F5FBF /* Products */ = {
			isa = PBXGroup;
			children = (
				6C6CDF8A1FB167FB000F5FBF /* UIBindingObserver.app */,
			);
			name = Products;
			sourceTree = "<group>";
		};
		6C6CDF8C1FB167FB000F5FBF /* UIBindingObserver */ = {
			isa = PBXGroup;
			children = (
				6C6CDF8D1FB167FB000F5FBF /* AppDelegate.swift */,
				6C6CDF8F1FB167FB000F5FBF /* ViewController.swift */,
				6C6CDF911FB167FB000F5FBF /* Main.storyboard */,
				6C6CDF941FB167FB000F5FBF /* Assets.xcassets */,
				6C6CDF961FB167FB000F5FBF /* LaunchScreen.storyboard */,
				6C6CDF991FB167FB000F5FBF /* Info.plist */,
			);
			path = UIBindingObserver;
			sourceTree = "<group>";
		};
		E3B113249853BBB7DE151D92 /* Pods */ = {
			isa = PBXGroup;
			children = (
				A90EE57C5B0C2F9CFEB25EA9 /* Pods-UIBindingObserver.debug.xcconfig */,
				A13D2BB012A65290D25F27E5 /* Pods-UIBindingObserver.release.xcconfig */,
			);
			name = Pods;
			sourceTree = "<group>";
		};
/* End PBXGroup section */

/* Begin PBXNativeTarget section */
		6C6CDF891FB167FB000F5FBF /* UIBindingObserver */ = {
			isa = PBXNativeTarget;
			buildConfigurationList = 6C6CDF9C1FB167FB000F5FBF /* Build configuration list for PBXNativeTarget "UIBindingObserver" */;
			buildPhases = (
				36CD63EDB524DA2731A28903 /* [CP] Check Pods Manifest.lock */,
				6C6CDF861FB167FB000F5FBF /* Sources */,
				6C6CDF871FB167FB000F5FBF /* Frameworks */,
				6C6CDF881FB167FB000F5FBF /* Resources */,
				4DBB6FC998D5779659366738 /* [CP] Embed Pods Frameworks */,
				B4CB73358BFCD388E5CE048E /* [CP] Copy Pods Resources */,
			);
			buildRules = (
			);
			dependencies = (
			);
			name = UIBindingObserver;
			productName = UIBindingObserver;
			productReference = 6C6CDF8A1FB167FB000F5FBF /* UIBindingObserver.app */;
			productType = "com.apple.product-type.application";
		};
/* End PBXNativeTarget section */

/* Begin PBXProject section */
		6C6CDF821FB167FB000F5FBF /* Project object */ = {
			isa = PBXProject;
			attributes = {
				LastSwiftUpdateCheck = 0910;
				LastUpgradeCheck = 0910;
				ORGANIZATIONNAME = PIVOT;
				TargetAttributes = {
					6C6CDF891FB167FB000F5FBF = {
						CreatedOnToolsVersion = 9.1;
						ProvisioningStyle = Automatic;
					};
				};
			};
			buildConfigurationList = 6C6CDF851FB167FB000F5FBF /* Build configuration list for PBXProject "UIBindingObserver" */;
			compatibilityVersion = "Xcode 8.0";
			developmentRegion = en;
			hasScannedForEncodings = 0;
			knownRegions = (
				en,
				Base,
			);
			mainGroup = 6C6CDF811FB167FB000F5FBF;
			productRefGroup = 6C6CDF8B1FB167FB000F5FBF /* Products */;
			projectDirPath = "";
			projectRoot = "";
			targets = (
				6C6CDF891FB167FB000F5FBF /* UIBindingObserver */,
			);
		};
/* End PBXProject section */

/* Begin PBXResourcesBuildPhase section */
		6C6CDF881FB167FB000F5FBF /* Resources */ = {
			isa = PBXResourcesBuildPhase;
			buildActionMask = 2147483647;
			files = (
				6C6CDF981FB167FB000F5FBF /* LaunchScreen.storyboard in Resources */,
				6C6CDF951FB167FB000F5FBF /* Assets.xcassets in Resources */,
				6C6CDF931FB167FB000F5FBF /* Main.storyboard in Resources */,
			);
			runOnlyForDeploymentPostprocessing = 0;
		};
/* End PBXResourcesBuildPhase section */

/* Begin PBXShellScriptBuildPhase section */
		36CD63EDB524DA2731A28903 /* [CP] Check Pods Manifest.lock */ = {
			isa = PBXShellScriptBuildPhase;
			buildActionMask = 2147483647;
			files = (
			);
			inputPaths = (
				"${PODS_PODFILE_DIR_PATH}/Podfile.lock",
				"${PODS_ROOT}/Manifest.lock",
			);
			name = "[CP] Check Pods Manifest.lock";
			outputPaths = (
				"$(DERIVED_FILE_DIR)/Pods-UIBindingObserver-checkManifestLockResult.txt",
			);
			runOnlyForDeploymentPostprocessing = 0;
			shellPath = /bin/sh;
			shellScript = "diff \"${PODS_PODFILE_DIR_PATH}/Podfile.lock\" \"${PODS_ROOT}/Manifest.lock\" > /dev/null\nif [ $? != 0 ] ; then\n    # print error to STDERR\n    echo \"error: The sandbox is not in sync with the Podfile.lock. Run 'pod install' or update your CocoaPods installation.\" >&2\n    exit 1\nfi\n# This output is used by Xcode 'outputs' to avoid re-running this script phase.\necho \"SUCCESS\" > \"${SCRIPT_OUTPUT_FILE_0}\"\n";
			showEnvVarsInLog = 0;
		};
		4DBB6FC998D5779659366738 /* [CP] Embed Pods Frameworks */ = {
			isa = PBXShellScriptBuildPhase;
			buildActionMask = 2147483647;
			files = (
			);
			inputPaths = (
				"${SRCROOT}/Pods/Target Support Files/Pods-UIBindingObserver/Pods-UIBindingObserver-frameworks.sh",
				"${BUILT_PRODUCTS_DIR}/RxCocoa/RxCocoa.framework",
				"${BUILT_PRODUCTS_DIR}/RxSwift/RxSwift.framework",
			);
			name = "[CP] Embed Pods Frameworks";
			outputPaths = (
				"${TARGET_BUILD_DIR}/${FRAMEWORKS_FOLDER_PATH}/RxCocoa.framework",
				"${TARGET_BUILD_DIR}/${FRAMEWORKS_FOLDER_PATH}/RxSwift.framework",
			);
			runOnlyForDeploymentPostprocessing = 0;
			shellPath = /bin/sh;
			shellScript = "\"${SRCROOT}/Pods/Target Support Files/Pods-UIBindingObserver/Pods-UIBindingObserver-frameworks.sh\"\n";
			showEnvVarsInLog = 0;
		};
		B4CB73358BFCD388E5CE048E /* [CP] Copy Pods Resources */ = {
			isa = PBXShellScriptBuildPhase;
			buildActionMask = 2147483647;
			files = (
			);
			inputPaths = (
			);
			name = "[CP] Copy Pods Resources";
			outputPaths = (
			);
			runOnlyForDeploymentPostprocessing = 0;
			shellPath = /bin/sh;
			shellScript = "\"${SRCROOT}/Pods/Target Support Files/Pods-UIBindingObserver/Pods-UIBindingObserver-resources.sh\"\n";
			showEnvVarsInLog = 0;
		};
/* End PBXShellScriptBuildPhase section */

/* Begin PBXSourcesBuildPhase section */
		6C6CDF861FB167FB000F5FBF /* Sources */ = {
			isa = PBXSourcesBuildPhase;
			buildActionMask = 2147483647;
			files = (
				6C6CDF901FB167FB000F5FBF /* ViewController.swift in Sources */,
				6C6CDF8E1FB167FB000F5FBF /* AppDelegate.swift in Sources */,
			);
			runOnlyForDeploymentPostprocessing = 0;
		};
/* End PBXSourcesBuildPhase section */

/* Begin PBXVariantGroup section */
		6C6CDF911FB167FB000F5FBF /* Main.storyboard */ = {
			isa = PBXVariantGroup;
			children = (
				6C6CDF921FB167FB000F5FBF /* Base */,
			);
			name = Main.storyboard;
			sourceTree = "<group>";
		};
		6C6CDF961FB167FB000F5FBF /* LaunchScreen.storyboard */ = {
			isa = PBXVariantGroup;
			children = (
				6C6CDF971FB167FB000F5FBF /* Base */,
			);
			name = LaunchScreen.storyboard;
			sourceTree = "<group>";
		};
/* End PBXVariantGroup section */

/* Begin XCBuildConfiguration section */
		6C6CDF9A1FB167FB000F5FBF /* Debug */ = {
			isa = XCBuildConfiguration;
			buildSettings = {
				ALWAYS_SEARCH_USER_PATHS = NO;
				CLANG_ANALYZER_NONNULL = YES;
				CLANG_ANALYZER_NUMBER_OBJECT_CONVERSION = YES_AGGRESSIVE;
				CLANG_CXX_LANGUAGE_STANDARD = "gnu++14";
				CLANG_CXX_LIBRARY = "libc++";
				CLANG_ENABLE_MODULES = YES;
				CLANG_ENABLE_OBJC_ARC = YES;
				CLANG_WARN_BLOCK_CAPTURE_AUTORELEASING = YES;
				CLANG_WARN_BOOL_CONVERSION = YES;
				CLANG_WARN_COMMA = YES;
				CLANG_WARN_CONSTANT_CONVERSION = YES;
				CLANG_WARN_DIRECT_OBJC_ISA_USAGE = YES_ERROR;
				CLANG_WARN_DOCUMENTATION_COMMENTS = YES;
				CLANG_WARN_EMPTY_BODY = YES;
				CLANG_WARN_ENUM_CONVERSION = YES;
				CLANG_WARN_INFINITE_RECURSION = YES;
				CLANG_WARN_INT_CONVERSION = YES;
				CLANG_WARN_NON_LITERAL_NULL_CONVERSION = YES;
				CLANG_WARN_OBJC_LITERAL_CONVERSION = YES;
				CLANG_WARN_OBJC_ROOT_CLASS = YES_ERROR;
				CLANG_WARN_RANGE_LOOP_ANALYSIS = YES;
				CLANG_WARN_STRICT_PROTOTYPES = YES;
				CLANG_WARN_SUSPICIOUS_MOVE = YES;
				CLANG_WARN_UNGUARDED_AVAILABILITY = YES_AGGRESSIVE;
				CLANG_WARN_UNREACHABLE_CODE = YES;
				CLANG_WARN__DUPLICATE_METHOD_MATCH = YES;
				CODE_SIGN_IDENTITY = "iPhone Developer";
				COPY_PHASE_STRIP = NO;
				DEBUG_INFORMATION_FORMAT = dwarf;
				ENABLE_STRICT_OBJC_MSGSEND = YES;
				ENABLE_TESTABILITY = YES;
				GCC_C_LANGUAGE_STANDARD = gnu11;
				GCC_DYNAMIC_NO_PIC = NO;
				GCC_NO_COMMON_BLOCKS = YES;
				GCC_OPTIMIZATION_LEVEL = 0;
				GCC_PREPROCESSOR_DEFINITIONS = (
					"DEBUG=1",
					"$(inherited)",
				);
				GCC_WARN_64_TO_32_BIT_CONVERSION = YES;
				GCC_WARN_ABOUT_RETURN_TYPE = YES_ERROR;
				GCC_WARN_UNDECLARED_SELECTOR = YES;
				GCC_WARN_UNINITIALIZED_AUTOS = YES_AGGRESSIVE;
				GCC_WARN_UNUSED_FUNCTION = YES;
				GCC_WARN_UNUSED_VARIABLE = YES;
				IPHONEOS_DEPLOYMENT_TARGET = 11.1;
				MTL_ENABLE_DEBUG_INFO = YES;
				ONLY_ACTIVE_ARCH = YES;
				SDKROOT = iphoneos;
				SWIFT_ACTIVE_COMPILATION_CONDITIONS = DEBUG;
				SWIFT_OPTIMIZATION_LEVEL = "-Onone";
			};
			name = Debug;
		};
		6C6CDF9B1FB167FB000F5FBF /* Release */ = {
			isa = XCBuildConfiguration;
			buildSettings = {
				ALWAYS_SEARCH_USER_PATHS = NO;
				CLANG_ANALYZER_NONNULL = YES;
				CLANG_ANALYZER_NUMBER_OBJECT_CONVERSION = YES_AGGRESSIVE;
				CLANG_CXX_LANGUAGE_STANDARD = "gnu++14";
				CLANG_CXX_LIBRARY = "libc++";
				CLANG_ENABLE_MODULES = YES;
				CLANG_ENABLE_OBJC_ARC = YES;
				CLANG_WARN_BLOCK_CAPTURE_AUTORELEASING = YES;
				CLANG_WARN_BOOL_CONVERSION = YES;
				CLANG_WARN_COMMA = YES;
				CLANG_WARN_CONSTANT_CONVERSION = YES;
				CLANG_WARN_DIRECT_OBJC_ISA_USAGE = YES_ERROR;
				CLANG_WARN_DOCUMENTATION_COMMENTS = YES;
				CLANG_WARN_EMPTY_BODY = YES;
				CLANG_WARN_ENUM_CONVERSION = YES;
				CLANG_WARN_INFINITE_RECURSION = YES;
				CLANG_WARN_INT_CONVERSION = YES;
				CLANG_WARN_NON_LITERAL_NULL_CONVERSION = YES;
				CLANG_WARN_OBJC_LITERAL_CONVERSION = YES;
				CLANG_WARN_OBJC_ROOT_CLASS = YES_ERROR;
				CLANG_WARN_RANGE_LOOP_ANALYSIS = YES;
				CLANG_WARN_STRICT_PROTOTYPES = YES;
				CLANG_WARN_SUSPICIOUS_MOVE = YES;
				CLANG_WARN_UNGUARDED_AVAILABILITY = YES_AGGRESSIVE;
				CLANG_WARN_UNREACHABLE_CODE = YES;
				CLANG_WARN__DUPLICATE_METHOD_MATCH = YES;
				CODE_SIGN_IDENTITY = "iPhone Developer";
				COPY_PHASE_STRIP = NO;
				DEBUG_INFORMATION_FORMAT = "dwarf-with-dsym";
				ENABLE_NS_ASSERTIONS = NO;
				ENABLE_STRICT_OBJC_MSGSEND = YES;
				GCC_C_LANGUAGE_STANDARD = gnu11;
				GCC_NO_COMMON_BLOCKS = YES;
				GCC_WARN_64_TO_32_BIT_CONVERSION = YES;
				GCC_WARN_ABOUT_RETURN_TYPE = YES_ERROR;
				GCC_WARN_UNDECLARED_SELECTOR = YES;
				GCC_WARN_UNINITIALIZED_AUTOS = YES_AGGRESSIVE;
				GCC_WARN_UNUSED_FUNCTION = YES;
				GCC_WARN_UNUSED_VARIABLE = YES;
				IPHONEOS_DEPLOYMENT_TARGET = 11.1;
				MTL_ENABLE_DEBUG_INFO = NO;
				SDKROOT = iphoneos;
				SWIFT_OPTIMIZATION_LEVEL = "-Owholemodule";
				VALIDATE_PRODUCT = YES;
			};
			name = Release;
		};
		6C6CDF9D1FB167FB000F5FBF /* Debug */ = {
			isa = XCBuildConfiguration;
			baseConfigurationReference = A90EE57C5B0C2F9CFEB25EA9 /* Pods-UIBindingObserver.debug.xcconfig */;
			buildSettings = {
				ASSETCATALOG_COMPILER_APPICON_NAME = AppIcon;
				CODE_SIGN_STYLE = Automatic;
				DEVELOPMENT_TEAM = DSTHRZ4PA6;
				INFOPLIST_FILE = UIBindingObserver/Info.plist;
				LD_RUNPATH_SEARCH_PATHS = "$(inherited) @executable_path/Frameworks";
				PRODUCT_BUNDLE_IDENTIFIER = sample.UIBindingObserver;
				PRODUCT_NAME = "$(TARGET_NAME)";
				SWIFT_VERSION = 4.0;
				TARGETED_DEVICE_FAMILY = "1,2";
			};
			name = Debug;
		};
		6C6CDF9E1FB167FB000F5FBF /* Release */ = {
			isa = XCBuildConfiguration;
			baseConfigurationReference = A13D2BB012A65290D25F27E5 /* Pods-UIBindingObserver.release.xcconfig */;
			buildSettings = {
				ASSETCATALOG_COMPILER_APPICON_NAME = AppIcon;
				CODE_SIGN_STYLE = Automatic;
				DEVELOPMENT_TEAM = DSTHRZ4PA6;
				INFOPLIST_FILE = UIBindingObserver/Info.plist;
				LD_RUNPATH_SEARCH_PATHS = "$(inherited) @executable_path/Frameworks";
				PRODUCT_BUNDLE_IDENTIFIER = sample.UIBindingObserver;
				PRODUCT_NAME = "$(TARGET_NAME)";
				SWIFT_VERSION = 4.0;
				TARGETED_DEVICE_FAMILY = "1,2";
			};
			name = Release;
		};
/* End XCBuildConfiguration section */

/* Begin XCConfigurationList section */
		6C6CDF851FB167FB000F5FBF /* Build configuration list for PBXProject "UIBindingObserver" */ = {
			isa = XCConfigurationList;
			buildConfigurations = (
				6C6CDF9A1FB167FB000F5FBF /* Debug */,
				6C6CDF9B1FB167FB000F5FBF /* Release */,
			);
			defaultConfigurationIsVisible = 0;
			defaultConfigurationName = Release;
		};
		6C6CDF9C1FB167FB000F5FBF /* Build configuration list for PBXNativeTarget "UIBindingObserver" */ = {
			isa = XCConfigurationList;
			buildConfigurations = (
				6C6CDF9D1FB167FB000F5FBF /* Debug */,
				6C6CDF9E1FB167FB000F5FBF /* Release */,
			);
			defaultConfigurationIsVisible = 0;
			defaultConfigurationName = Release;
		};
/* End XCConfigurationList section */
	};
	rootObject = 6C6CDF821FB167FB000F5FBF /* Project object */;
}
